
Microsoft Visual Studio Solution File, Format Version 12.00
# Visual Studio Version 17
VisualStudioVersion = 17.14.36518.9
MinimumVisualStudioVersion = 10.0.40219.1
Project("{FAE04EC0-301F-11D3-BF4B-00C04F79EFBC}") = "GuessNumberGame", "GuessNumberGame\GuessNumberGame.csproj", "{F722A861-7CF6-4D83-ABB9-D6A4B124C483}"
EndProject
Project("{FAE04EC0-301F-11D3-BF4B-00C04F79EFBC}") = "Replacecontent", "Replacecontent\Replacecontent.csproj", "{CE4B9F65-204B-44E9-B252-F254317F2CEB}"
EndProject
Project("{FAE04EC0-301F-11D3-BF4B-00C04F79EFBC}") = "CountStringNumber", "CountStringNumber\CountStringNumber.csproj", "{395BCA86-6C4C-4771-BE82-EEB64096F726}"
EndProject
Project("{FAE04EC0-301F-11D3-BF4B-00C04F79EFBC}") = "TempConversion", "TempConversion\TempConversion.csproj", "{297FD315-AA5F-4EE8-9811-6C46B121A076}"
EndProject
Project("{FAE04EC0-301F-11D3-BF4B-00C04F79EFBC}") = "Life", "Life\Life.csproj", "{9FAF600E-72F8-4029-898A-B32950AF8EDA}"
EndProject
Project("{FAE04EC0-301F-11D3-BF4B-00C04F79EFBC}") = "Tax", "Tax\Tax.csproj", "{C8B886C9-4AEF-4592-8721-C0EFFF9B0265}"
EndProject
Global
	GlobalSection(SolutionConfigurationPlatforms) = preSolution
		Debug|Any CPU = Debug|Any CPU
		Release|Any CPU = Release|Any CPU
	EndGlobalSection
	GlobalSection(ProjectConfigurationPlatforms) = postSolution
		{F722A861-7CF6-4D83-ABB9-D6A4B124C483}.Debug|Any CPU.ActiveCfg = Debug|Any CPU
		{F722A861-7CF6-4D83-ABB9-D6A4B124C483}.Debug|Any CPU.Build.0 = Debug|Any CPU
		{F722A861-7CF6-4D83-ABB9-D6A4B124C483}.Release|Any CPU.ActiveCfg = Release|Any CPU
		{F722A861-7CF6-4D83-ABB9-D6A4B124C483}.Release|Any CPU.Build.0 = Release|Any CPU
		{CE4B9F65-204B-44E9-B252-F254317F2CEB}.Debug|Any CPU.ActiveCfg = Debug|Any CPU
		{CE4B9F65-204B-44E9-B252-F254317F2CEB}.Debug|Any CPU.Build.0 = Debug|Any CPU
		{CE4B9F65-204B-44E9-B252-F254317F2CEB}.Release|Any CPU.ActiveCfg = Release|Any CPU
		{CE4B9F65-204B-44E9-B252-F254317F2CEB}.Release|Any CPU.Build.0 = Release|Any CPU
		{395BCA86-6C4C-4771-BE82-EEB64096F726}.Debug|Any CPU.ActiveCfg = Debug|Any CPU
		{395BCA86-6C4C-4771-BE82-EEB64096F726}.Debug|Any CPU.Build.0 = Debug|Any CPU
		{395BCA86-6C4C-4771-BE82-EEB64096F726}.Release|Any CPU.ActiveCfg = Release|Any CPU
		{395BCA86-6C4C-4771-BE82-EEB64096F726}.Release|Any CPU.Build.0 = Release|Any CPU
		{297FD315-AA5F-4EE8-9811-6C46B121A076}.Debug|Any CPU.ActiveCfg = Debug|Any CPU
		{297FD315-AA5F-4EE8-9811-6C46B121A076}.Debug|Any CPU.Build.0 = Debug|Any CPU
		{297FD315-AA5F-4EE8-9811-6C46B121A076}.Release|Any CPU.ActiveCfg = Release|Any CPU
		{297FD315-AA5F-4EE8-9811-6C46B121A076}.Release|Any CPU.Build.0 = Release|Any CPU
		{9FAF600E-72F8-4029-898A-B32950AF8EDA}.Debug|Any CPU.ActiveCfg = Debug|Any CPU
		{9FAF600E-72F8-4029-898A-B32950AF8EDA}.Debug|Any CPU.Build.0 = Debug|Any CPU
		{9FAF600E-72F8-4029-898A-B32950AF8EDA}.Release|Any CPU.ActiveCfg = Release|Any CPU
		{9FAF600E-72F8-4029-898A-B32950AF8EDA}.Release|Any CPU.Build.0 = Release|Any CPU
		{C8B886C9-4AEF-4592-8721-C0EFFF9B0265}.Debug|Any CPU.ActiveCfg = Debug|Any CPU
		{C8B886C9-4AEF-4592-8721-C0EFFF9B0265}.Debug|Any CPU.Build.0 = Debug|Any CPU
		{C8B886C9-4AEF-4592-8721-C0EFFF9B0265}.Release|Any CPU.ActiveCfg = Release|Any CPU
		{C8B886C9-4AEF-4592-8721-C0EFFF9B0265}.Release|Any CPU.Build.0 = Release|Any CPU
	EndGlobalSection
	GlobalSection(SolutionProperties) = preSolution
		HideSolutionNode = FALSE
	EndGlobalSection
	GlobalSection(ExtensibilityGlobals) = postSolution
		SolutionGuid = {74D226B0-DF6C-4AE2-8B11-4D8BD7CFE025}
	EndGlobalSection
EndGlobal
